
Microsoft Visual Studio Solution File, Format Version 12.00
# Visual Studio Version 17
VisualStudioVersion = 17.9.34728.123
MinimumVisualStudioVersion = 10.0.40219.1
Project("{FAE04EC0-301F-11D3-BF4B-00C04F79EFBC}") = "Bolt.Application", "Bolt.Application\Bolt.Application.csproj", "{71BFA4E3-0A7B-4713-95BA-8E4C99216600}"
EndProject
Project("{FAE04EC0-301F-11D3-BF4B-00C04F79EFBC}") = "Bolt.Domain", "Bolt.Domain\Bolt.Domain.csproj", "{F00C3FAB-3CEE-44AA-9D18-1113554D139B}"
EndProject
Project("{FAE04EC0-301F-11D3-BF4B-00C04F79EFBC}") = "Bolt.API", "Bolt.API\Bolt.API.csproj", "{2FAF2CEA-06A8-4616-85A7-56A762CFAC32}"
EndProject
Project("{2150E333-8FDC-42A3-9474-1A3956D46DE8}") = "src", "src", "{5C32AC48-06E6-4681-A923-024B4CC4E22E}"
EndProject
Project("{2150E333-8FDC-42A3-9474-1A3956D46DE8}") = "Core", "Core", "{2DAA0AE3-6717-41F3-A460-0C818B37EB90}"
EndProject
Project("{2150E333-8FDC-42A3-9474-1A3956D46DE8}") = "Infrastructure", "Infrastructure", "{D7896666-77B8-4638-9556-A638E567A4BD}"
EndProject
Project("{FAE04EC0-301F-11D3-BF4B-00C04F79EFBC}") = "Bolt.Persistence", "Bolt.Persistence\Bolt.Persistence.csproj", "{B55D5986-9E7E-417C-85A8-3A710F392EDD}"
EndProject
Project("{2150E333-8FDC-42A3-9474-1A3956D46DE8}") = "Presentation", "Presentation", "{C6F597BC-934F-4CCE-97E8-1FA6F4515B5F}"
EndProject
Project("{2150E333-8FDC-42A3-9474-1A3956D46DE8}") = "test", "test", "{F546416C-D30E-42B2-B74D-D365AEE430A8}"
EndProject
Project("{FAE04EC0-301F-11D3-BF4B-00C04F79EFBC}") = "Bolt.Tests.Unit", "Bolt.Tests.Unit\Bolt.Tests.Unit.csproj", "{A0F738C4-62A9-4949-AC0A-20150380C4A2}"
EndProject
Global
	GlobalSection(SolutionConfigurationPlatforms) = preSolution
		Debug|Any CPU = Debug|Any CPU
		Release|Any CPU = Release|Any CPU
	EndGlobalSection
	GlobalSection(ProjectConfigurationPlatforms) = postSolution
		{71BFA4E3-0A7B-4713-95BA-8E4C99216600}.Debug|Any CPU.ActiveCfg = Debug|Any CPU
		{71BFA4E3-0A7B-4713-95BA-8E4C99216600}.Debug|Any CPU.Build.0 = Debug|Any CPU
		{71BFA4E3-0A7B-4713-95BA-8E4C99216600}.Release|Any CPU.ActiveCfg = Release|Any CPU
		{71BFA4E3-0A7B-4713-95BA-8E4C99216600}.Release|Any CPU.Build.0 = Release|Any CPU
		{F00C3FAB-3CEE-44AA-9D18-1113554D139B}.Debug|Any CPU.ActiveCfg = Debug|Any CPU
		{F00C3FAB-3CEE-44AA-9D18-1113554D139B}.Debug|Any CPU.Build.0 = Debug|Any CPU
		{F00C3FAB-3CEE-44AA-9D18-1113554D139B}.Release|Any CPU.ActiveCfg = Release|Any CPU
		{F00C3FAB-3CEE-44AA-9D18-1113554D139B}.Release|Any CPU.Build.0 = Release|Any CPU
		{2FAF2CEA-06A8-4616-85A7-56A762CFAC32}.Debug|Any CPU.ActiveCfg = Debug|Any CPU
		{2FAF2CEA-06A8-4616-85A7-56A762CFAC32}.Debug|Any CPU.Build.0 = Debug|Any CPU
		{2FAF2CEA-06A8-4616-85A7-56A762CFAC32}.Release|Any CPU.ActiveCfg = Release|Any CPU
		{2FAF2CEA-06A8-4616-85A7-56A762CFAC32}.Release|Any CPU.Build.0 = Release|Any CPU
		{B55D5986-9E7E-417C-85A8-3A710F392EDD}.Debug|Any CPU.ActiveCfg = Debug|Any CPU
		{B55D5986-9E7E-417C-85A8-3A710F392EDD}.Debug|Any CPU.Build.0 = Debug|Any CPU
		{B55D5986-9E7E-417C-85A8-3A710F392EDD}.Release|Any CPU.ActiveCfg = Release|Any CPU
		{B55D5986-9E7E-417C-85A8-3A710F392EDD}.Release|Any CPU.Build.0 = Release|Any CPU
		{A0F738C4-62A9-4949-AC0A-20150380C4A2}.Debug|Any CPU.ActiveCfg = Debug|Any CPU
		{A0F738C4-62A9-4949-AC0A-20150380C4A2}.Debug|Any CPU.Build.0 = Debug|Any CPU
		{A0F738C4-62A9-4949-AC0A-20150380C4A2}.Release|Any CPU.ActiveCfg = Release|Any CPU
		{A0F738C4-62A9-4949-AC0A-20150380C4A2}.Release|Any CPU.Build.0 = Release|Any CPU
	EndGlobalSection
	GlobalSection(SolutionProperties) = preSolution
		HideSolutionNode = FALSE
	EndGlobalSection
	GlobalSection(NestedProjects) = preSolution
		{71BFA4E3-0A7B-4713-95BA-8E4C99216600} = {2DAA0AE3-6717-41F3-A460-0C818B37EB90}
		{F00C3FAB-3CEE-44AA-9D18-1113554D139B} = {2DAA0AE3-6717-41F3-A460-0C818B37EB90}
		{2FAF2CEA-06A8-4616-85A7-56A762CFAC32} = {C6F597BC-934F-4CCE-97E8-1FA6F4515B5F}
		{2DAA0AE3-6717-41F3-A460-0C818B37EB90} = {5C32AC48-06E6-4681-A923-024B4CC4E22E}
		{D7896666-77B8-4638-9556-A638E567A4BD} = {5C32AC48-06E6-4681-A923-024B4CC4E22E}
		{B55D5986-9E7E-417C-85A8-3A710F392EDD} = {D7896666-77B8-4638-9556-A638E567A4BD}
		{C6F597BC-934F-4CCE-97E8-1FA6F4515B5F} = {5C32AC48-06E6-4681-A923-024B4CC4E22E}
		{A0F738C4-62A9-4949-AC0A-20150380C4A2} = {F546416C-D30E-42B2-B74D-D365AEE430A8}
	EndGlobalSection
	GlobalSection(ExtensibilityGlobals) = postSolution
		SolutionGuid = {4E1213D2-EC88-4EC4-8697-31CAD66C66B4}
	EndGlobalSection
EndGlobal
